// !$*UTF8*$!
{
	archiveVersion = 1;
	classes = {
	};
	objectVersion = 77;
	objects = {

/* Begin PBXBuildFile section */
		225DEFF52E35266900535658 /* PhotonHistogramKit in Frameworks */ = {isa = PBXBuildFile; productRef = 225DEFF42E35266900535658 /* PhotonHistogramKit */; };
		228D19D32E353412000EF363 /* AsyncAlgorithms in Frameworks */ = {isa = PBXBuildFile; productRef = 228D19D22E353412000EF363 /* AsyncAlgorithms */; };
		228D203F2E3543BD000EF363 /* PhotonMetalDisplayCore in Frameworks */ = {isa = PBXBuildFile; productRef = 228D203E2E3543BD000EF363 /* PhotonMetalDisplayCore */; };
/* End PBXBuildFile section */

/* Begin PBXContainerItemProxy section */
		225DEFD72E35265D00535658 /* PBXContainerItemProxy */ = {
			isa = PBXContainerItemProxy;
			containerPortal = 225DEFC02E35265B00535658 /* Project object */;
			proxyType = 1;
			remoteGlobalIDString = 225DEFC72E35265B00535658;
			remoteInfo = HistogramSampleApp;
		};
		225DEFE12E35265D00535658 /* PBXContainerItemProxy */ = {
			isa = PBXContainerItemProxy;
			containerPortal = 225DEFC02E35265B00535658 /* Project object */;
			proxyType = 1;
			remoteGlobalIDString = 225DEFC72E35265B00535658;
			remoteInfo = HistogramSampleApp;
		};
/* End PBXContainerItemProxy section */

/* Begin PBXFileReference section */
		225DEFC82E35265B00535658 /* HistogramSampleApp.app */ = {isa = PBXFileReference; explicitFileType = wrapper.application; includeInIndex = 0; path = HistogramSampleApp.app; sourceTree = BUILT_PRODUCTS_DIR; };
		225DEFD62E35265D00535658 /* HistogramSampleAppTests.xctest */ = {isa = PBXFileReference; explicitFileType = wrapper.cfbundle; includeInIndex = 0; path = HistogramSampleAppTests.xctest; sourceTree = BUILT_PRODUCTS_DIR; };
		225DEFE02E35265D00535658 /* HistogramSampleAppUITests.xctest */ = {isa = PBXFileReference; explicitFileType = wrapper.cfbundle; includeInIndex = 0; path = HistogramSampleAppUITests.xctest; sourceTree = BUILT_PRODUCTS_DIR; };
/* End PBXFileReference section */

/* Begin PBXFileSystemSynchronizedRootGroup section */
		225DEFCA2E35265B00535658 /* HistogramSampleApp */ = {
			isa = PBXFileSystemSynchronizedRootGroup;
			path = HistogramSampleApp;
			sourceTree = "<group>";
		};
		225DEFD92E35265D00535658 /* HistogramSampleAppTests */ = {
			isa = PBXFileSystemSynchronizedRootGroup;
			path = HistogramSampleAppTests;
			sourceTree = "<group>";
		};
		225DEFE32E35265D00535658 /* HistogramSampleAppUITests */ = {
			isa = PBXFileSystemSynchronizedRootGroup;
			path = HistogramSampleAppUITests;
			sourceTree = "<group>";
		};
/* End PBXFileSystemSynchronizedRootGroup section */

/* Begin PBXFrameworksBuildPhase section */
		225DEFC52E35265B00535658 /* Frameworks */ = {
			isa = PBXFrameworksBuildPhase;
			buildActionMask = 2147483647;
			files = (
				225DEFF52E35266900535658 /* PhotonHistogramKit in Frameworks */,
				228D19D32E353412000EF363 /* AsyncAlgorithms in Frameworks */,
				228D203F2E3543BD000EF363 /* PhotonMetalDisplayCore in Frameworks */,
			);
			runOnlyForDeploymentPostprocessing = 0;
		};
		225DEFD32E35265D00535658 /* Frameworks */ = {
			isa = PBXFrameworksBuildPhase;
			buildActionMask = 2147483647;
			files = (
			);
			runOnlyForDeploymentPostprocessing = 0;
		};
		225DEFDD2E35265D00535658 /* Frameworks */ = {
			isa = PBXFrameworksBuildPhase;
			buildActionMask = 2147483647;
			files = (
			);
			runOnlyForDeploymentPostprocessing = 0;
		};
/* End PBXFrameworksBuildPhase section */

/* Begin PBXGroup section */
		225DEFBF2E35265B00535658 = {
			isa = PBXGroup;
			children = (
				225DEFCA2E35265B00535658 /* HistogramSampleApp */,
				225DEFD92E35265D00535658 /* HistogramSampleAppTests */,
				225DEFE32E35265D00535658 /* HistogramSampleAppUITests */,
				225DEFC92E35265B00535658 /* Products */,
			);
			sourceTree = "<group>";
		};
		225DEFC92E35265B00535658 /* Products */ = {
			isa = PBXGroup;
			children = (
				225DEFC82E35265B00535658 /* HistogramSampleApp.app */,
				225DEFD62E35265D00535658 /* HistogramSampleAppTests.xctest */,
				225DEFE02E35265D00535658 /* HistogramSampleAppUITests.xctest */,
			);
			name = Products;
			sourceTree = "<group>";
		};
/* End PBXGroup section */

/* Begin PBXNativeTarget section */
		225DEFC72E35265B00535658 /* HistogramSampleApp */ = {
			isa = PBXNativeTarget;
			buildConfigurationList = 225DEFEA2E35265D00535658 /* Build configuration list for PBXNativeTarget "HistogramSampleApp" */;
			buildPhases = (
				225DEFC42E35265B00535658 /* Sources */,
				225DEFC52E35265B00535658 /* Frameworks */,
				225DEFC62E35265B00535658 /* Resources */,
			);
			buildRules = (
			);
			dependencies = (
			);
			fileSystemSynchronizedGroups = (
				225DEFCA2E35265B00535658 /* HistogramSampleApp */,
			);
			name = HistogramSampleApp;
			packageProductDependencies = (
				225DEFF42E35266900535658 /* PhotonHistogramKit */,
				228D19D22E353412000EF363 /* AsyncAlgorithms */,
				228D203E2E3543BD000EF363 /* PhotonMetalDisplayCore */,
			);
			productName = HistogramSampleApp;
			productReference = 225DEFC82E35265B00535658 /* HistogramSampleApp.app */;
			productType = "com.apple.product-type.application";
		};
		225DEFD52E35265D00535658 /* HistogramSampleAppTests */ = {
			isa = PBXNativeTarget;
			buildConfigurationList = 225DEFED2E35265D00535658 /* Build configuration list for PBXNativeTarget "HistogramSampleAppTests" */;
			buildPhases = (
				225DEFD22E35265D00535658 /* Sources */,
				225DEFD32E35265D00535658 /* Frameworks */,
				225DEFD42E35265D00535658 /* Resources */,
			);
			buildRules = (
			);
			dependencies = (
				225DEFD82E35265D00535658 /* PBXTargetDependency */,
			);
			fileSystemSynchronizedGroups = (
				225DEFD92E35265D00535658 /* HistogramSampleAppTests */,
			);
			name = HistogramSampleAppTests;
			packageProductDependencies = (
			);
			productName = HistogramSampleAppTests;
			productReference = 225DEFD62E35265D00535658 /* HistogramSampleAppTests.xctest */;
			productType = "com.apple.product-type.bundle.unit-test";
		};
		225DEFDF2E35265D00535658 /* HistogramSampleAppUITests */ = {
			isa = PBXNativeTarget;
			buildConfigurationList = 225DEFF02E35265D00535658 /* Build configuration list for PBXNativeTarget "HistogramSampleAppUITests" */;
			buildPhases = (
				225DEFDC2E35265D00535658 /* Sources */,
				225DEFDD2E35265D00535658 /* Frameworks */,
				225DEFDE2E35265D00535658 /* Resources */,
			);
			buildRules = (
			);
			dependencies = (
				225DEFE22E35265D00535658 /* PBXTargetDependency */,
			);
			fileSystemSynchronizedGroups = (
				225DEFE32E35265D00535658 /* HistogramSampleAppUITests */,
			);
			name = HistogramSampleAppUITests;
			packageProductDependencies = (
			);
			productName = HistogramSampleAppUITests;
			productReference = 225DEFE02E35265D00535658 /* HistogramSampleAppUITests.xctest */;
			productType = "com.apple.product-type.bundle.ui-testing";
		};
/* End PBXNativeTarget section */

/* Begin PBXProject section */
		225DEFC02E35265B00535658 /* Project object */ = {
			isa = PBXProject;
			attributes = {
				BuildIndependentTargetsInParallel = 1;
				LastSwiftUpdateCheck = 1640;
				LastUpgradeCheck = 1640;
				TargetAttributes = {
					225DEFC72E35265B00535658 = {
						CreatedOnToolsVersion = 16.4;
					};
					225DEFD52E35265D00535658 = {
						CreatedOnToolsVersion = 16.4;
						TestTargetID = 225DEFC72E35265B00535658;
					};
					225DEFDF2E35265D00535658 = {
						CreatedOnToolsVersion = 16.4;
						TestTargetID = 225DEFC72E35265B00535658;
					};
				};
			};
			buildConfigurationList = 225DEFC32E35265B00535658 /* Build configuration list for PBXProject "HistogramSampleApp" */;
			developmentRegion = en;
			hasScannedForEncodings = 0;
			knownRegions = (
				en,
				Base,
			);
			mainGroup = 225DEFBF2E35265B00535658;
			minimizedProjectReferenceProxies = 1;
			packageReferences = (
				225DEFF32E35266900535658 /* XCLocalSwiftPackageReference "../../PhotonHistogramKit" */,
				228D19D12E353412000EF363 /* XCRemoteSwiftPackageReference "swift-async-algorithms" */,
				228D203D2E3543BD000EF363 /* XCRemoteSwiftPackageReference "PhotonMetalDisplayCore" */,
			);
			preferredProjectObjectVersion = 77;
			productRefGroup = 225DEFC92E35265B00535658 /* Products */;
			projectDirPath = "";
			projectRoot = "";
			targets = (
				225DEFC72E35265B00535658 /* HistogramSampleApp */,
				225DEFD52E35265D00535658 /* HistogramSampleAppTests */,
				225DEFDF2E35265D00535658 /* HistogramSampleAppUITests */,
			);
		};
/* End PBXProject section */

/* Begin PBXResourcesBuildPhase section */
		225DEFC62E35265B00535658 /* Resources */ = {
			isa = PBXResourcesBuildPhase;
			buildActionMask = 2147483647;
			files = (
			);
			runOnlyForDeploymentPostprocessing = 0;
		};
		225DEFD42E35265D00535658 /* Resources */ = {
			isa = PBXResourcesBuildPhase;
			buildActionMask = 2147483647;
			files = (
			);
			runOnlyForDeploymentPostprocessing = 0;
		};
		225DEFDE2E35265D00535658 /* Resources */ = {
			isa = PBXResourcesBuildPhase;
			buildActionMask = 2147483647;
			files = (
			);
			runOnlyForDeploymentPostprocessing = 0;
		};
/* End PBXResourcesBuildPhase section */

/* Begin PBXSourcesBuildPhase section */
		225DEFC42E35265B00535658 /* Sources */ = {
			isa = PBXSourcesBuildPhase;
			buildActionMask = 2147483647;
			files = (
			);
			runOnlyForDeploymentPostprocessing = 0;
		};
		225DEFD22E35265D00535658 /* Sources */ = {
			isa = PBXSourcesBuildPhase;
			buildActionMask = 2147483647;
			files = (
			);
			runOnlyForDeploymentPostprocessing = 0;
		};
		225DEFDC2E35265D00535658 /* Sources */ = {
			isa = PBXSourcesBuildPhase;
			buildActionMask = 2147483647;
			files = (
			);
			runOnlyForDeploymentPostprocessing = 0;
		};
/* End PBXSourcesBuildPhase section */

/* Begin PBXTargetDependency section */
		225DEFD82E35265D00535658 /* PBXTargetDependency */ = {
			isa = PBXTargetDependency;
			target = 225DEFC72E35265B00535658 /* HistogramSampleApp */;
			targetProxy = 225DEFD72E35265D00535658 /* PBXContainerItemProxy */;
		};
		225DEFE22E35265D00535658 /* PBXTargetDependency */ = {
			isa = PBXTargetDependency;
			target = 225DEFC72E35265B00535658 /* HistogramSampleApp */;
			targetProxy = 225DEFE12E35265D00535658 /* PBXContainerItemProxy */;
		};
/* End PBXTargetDependency section */

/* Begin XCBuildConfiguration section */
		225DEFE82E35265D00535658 /* Debug */ = {
			isa = XCBuildConfiguration;
			buildSettings = {
				ALWAYS_SEARCH_USER_PATHS = NO;
				ASSETCATALOG_COMPILER_GENERATE_SWIFT_ASSET_SYMBOL_EXTENSIONS = YES;
				CLANG_ANALYZER_NONNULL = YES;
				CLANG_ANALYZER_NUMBER_OBJECT_CONVERSION = YES_AGGRESSIVE;
				CLANG_CXX_LANGUAGE_STANDARD = "gnu++20";
				CLANG_ENABLE_MODULES = YES;
				CLANG_ENABLE_OBJC_ARC = YES;
				CLANG_ENABLE_OBJC_WEAK = YES;
				CLANG_WARN_BLOCK_CAPTURE_AUTORELEASING = YES;
				CLANG_WARN_BOOL_CONVERSION = YES;
				CLANG_WARN_COMMA = YES;
				CLANG_WARN_CONSTANT_CONVERSION = YES;
				CLANG_WARN_DEPRECATED_OBJC_IMPLEMENTATIONS = YES;
				CLANG_WARN_DIRECT_OBJC_ISA_USAGE = YES_ERROR;
				CLANG_WARN_DOCUMENTATION_COMMENTS = YES;
				CLANG_WARN_EMPTY_BODY = YES;
				CLANG_WARN_ENUM_CONVERSION = YES;
				CLANG_WARN_INFINITE_RECURSION = YES;
				CLANG_WARN_INT_CONVERSION = YES;
				CLANG_WARN_NON_LITERAL_NULL_CONVERSION = YES;
				CLANG_WARN_OBJC_IMPLICIT_RETAIN_SELF = YES;
				CLANG_WARN_OBJC_LITERAL_CONVERSION = YES;
				CLANG_WARN_OBJC_ROOT_CLASS = YES_ERROR;
				CLANG_WARN_QUOTED_INCLUDE_IN_FRAMEWORK_HEADER = YES;
				CLANG_WARN_RANGE_LOOP_ANALYSIS = YES;
				CLANG_WARN_STRICT_PROTOTYPES = YES;
				CLANG_WARN_SUSPICIOUS_MOVE = YES;
				CLANG_WARN_UNGUARDED_AVAILABILITY = YES_AGGRESSIVE;
				CLANG_WARN_UNREACHABLE_CODE = YES;
				CLANG_WARN__DUPLICATE_METHOD_MATCH = YES;
				COPY_PHASE_STRIP = NO;
				DEBUG_INFORMATION_FORMAT = dwarf;
				DEVELOPMENT_TEAM = 7GB9CHCB87;
				ENABLE_STRICT_OBJC_MSGSEND = YES;
				ENABLE_TESTABILITY = YES;
				ENABLE_USER_SCRIPT_SANDBOXING = YES;
				GCC_C_LANGUAGE_STANDARD = gnu17;
				GCC_DYNAMIC_NO_PIC = NO;
				GCC_NO_COMMON_BLOCKS = YES;
				GCC_OPTIMIZATION_LEVEL = 0;
				GCC_PREPROCESSOR_DEFINITIONS = (
					"DEBUG=1",
					"$(inherited)",
				);
				GCC_WARN_64_TO_32_BIT_CONVERSION = YES;
				GCC_WARN_ABOUT_RETURN_TYPE = YES_ERROR;
				GCC_WARN_UNDECLARED_SELECTOR = YES;
				GCC_WARN_UNINITIALIZED_AUTOS = YES_AGGRESSIVE;
				GCC_WARN_UNUSED_FUNCTION = YES;
				GCC_WARN_UNUSED_VARIABLE = YES;
				LOCALIZATION_PREFERS_STRING_CATALOGS = YES;
				MTL_ENABLE_DEBUG_INFO = INCLUDE_SOURCE;
				MTL_FAST_MATH = YES;
				ONLY_ACTIVE_ARCH = YES;
				SWIFT_ACTIVE_COMPILATION_CONDITIONS = "DEBUG $(inherited)";
				SWIFT_OPTIMIZATION_LEVEL = "-Onone";
			};
			name = Debug;
		};
		225DEFE92E35265D00535658 /* Release */ = {
			isa = XCBuildConfiguration;
			buildSettings = {
				ALWAYS_SEARCH_USER_PATHS = NO;
				ASSETCATALOG_COMPILER_GENERATE_SWIFT_ASSET_SYMBOL_EXTENSIONS = YES;
				CLANG_ANALYZER_NONNULL = YES;
				CLANG_ANALYZER_NUMBER_OBJECT_CONVERSION = YES_AGGRESSIVE;
				CLANG_CXX_LANGUAGE_STANDARD = "gnu++20";
				CLANG_ENABLE_MODULES = YES;
				CLANG_ENABLE_OBJC_ARC = YES;
				CLANG_ENABLE_OBJC_WEAK = YES;
				CLANG_WARN_BLOCK_CAPTURE_AUTORELEASING = YES;
				CLANG_WARN_BOOL_CONVERSION = YES;
				CLANG_WARN_COMMA = YES;
				CLANG_WARN_CONSTANT_CONVERSION = YES;
				CLANG_WARN_DEPRECATED_OBJC_IMPLEMENTATIONS = YES;
				CLANG_WARN_DIRECT_OBJC_ISA_USAGE = YES_ERROR;
				CLANG_WARN_DOCUMENTATION_COMMENTS = YES;
				CLANG_WARN_EMPTY_BODY = YES;
				CLANG_WARN_ENUM_CONVERSION = YES;
				CLANG_WARN_INFINITE_RECURSION = YES;
				CLANG_WARN_INT_CONVERSION = YES;
				CLANG_WARN_NON_LITERAL_NULL_CONVERSION = YES;
				CLANG_WARN_OBJC_IMPLICIT_RETAIN_SELF = YES;
				CLANG_WARN_OBJC_LITERAL_CONVERSION = YES;
				CLANG_WARN_OBJC_ROOT_CLASS = YES_ERROR;
				CLANG_WARN_QUOTED_INCLUDE_IN_FRAMEWORK_HEADER = YES;
				CLANG_WARN_RANGE_LOOP_ANALYSIS = YES;
				CLANG_WARN_STRICT_PROTOTYPES = YES;
				CLANG_WARN_SUSPICIOUS_MOVE = YES;
				CLANG_WARN_UNGUARDED_AVAILABILITY = YES_AGGRESSIVE;
				CLANG_WARN_UNREACHABLE_CODE = YES;
				CLANG_WARN__DUPLICATE_METHOD_MATCH = YES;
				COPY_PHASE_STRIP = NO;
				DEBUG_INFORMATION_FORMAT = "dwarf-with-dsym";
				DEVELOPMENT_TEAM = 7GB9CHCB87;
				ENABLE_NS_ASSERTIONS = NO;
				ENABLE_STRICT_OBJC_MSGSEND = YES;
				ENABLE_USER_SCRIPT_SANDBOXING = YES;
				GCC_C_LANGUAGE_STANDARD = gnu17;
				GCC_NO_COMMON_BLOCKS = YES;
				GCC_WARN_64_TO_32_BIT_CONVERSION = YES;
				GCC_WARN_ABOUT_RETURN_TYPE = YES_ERROR;
				GCC_WARN_UNDECLARED_SELECTOR = YES;
				GCC_WARN_UNINITIALIZED_AUTOS = YES_AGGRESSIVE;
				GCC_WARN_UNUSED_FUNCTION = YES;
				GCC_WARN_UNUSED_VARIABLE = YES;
				LOCALIZATION_PREFERS_STRING_CATALOGS = YES;
				MTL_ENABLE_DEBUG_INFO = NO;
				MTL_FAST_MATH = YES;
				SWIFT_COMPILATION_MODE = wholemodule;
			};
			name = Release;
		};
		225DEFEB2E35265D00535658 /* Debug */ = {
			isa = XCBuildConfiguration;
			buildSettings = {
				ASSETCATALOG_COMPILER_APPICON_NAME = AppIcon;
				ASSETCATALOG_COMPILER_GLOBAL_ACCENT_COLOR_NAME = AccentColor;
				CODE_SIGN_ENTITLEMENTS = HistogramSampleApp/HistogramSampleApp.entitlements;
				CODE_SIGN_STYLE = Automatic;
				CURRENT_PROJECT_VERSION = 1;
				DEVELOPMENT_TEAM = 7GB9CHCB87;
				ENABLE_HARDENED_RUNTIME = YES;
				ENABLE_PREVIEWS = YES;
				GENERATE_INFOPLIST_FILE = YES;
				"INFOPLIST_KEY_UIApplicationSceneManifest_Generation[sdk=iphoneos*]" = YES;
				"INFOPLIST_KEY_UIApplicationSceneManifest_Generation[sdk=iphonesimulator*]" = YES;
				"INFOPLIST_KEY_UIApplicationSupportsIndirectInputEvents[sdk=iphoneos*]" = YES;
				"INFOPLIST_KEY_UIApplicationSupportsIndirectInputEvents[sdk=iphonesimulator*]" = YES;
				"INFOPLIST_KEY_UILaunchScreen_Generation[sdk=iphoneos*]" = YES;
				"INFOPLIST_KEY_UILaunchScreen_Generation[sdk=iphonesimulator*]" = YES;
				"INFOPLIST_KEY_UIStatusBarStyle[sdk=iphoneos*]" = UIStatusBarStyleDefault;
				"INFOPLIST_KEY_UIStatusBarStyle[sdk=iphonesimulator*]" = UIStatusBarStyleDefault;
				INFOPLIST_KEY_UISupportedInterfaceOrientations_iPad = "UIInterfaceOrientationPortrait UIInterfaceOrientationPortraitUpsideDown UIInterfaceOrientationLandscapeLeft UIInterfaceOrientationLandscapeRight";
				INFOPLIST_KEY_UISupportedInterfaceOrientations_iPhone = "UIInterfaceOrientationPortrait UIInterfaceOrientationLandscapeLeft UIInterfaceOrientationLandscapeRight";
				IPHONEOS_DEPLOYMENT_TARGET = 17.0;
				LD_RUNPATH_SEARCH_PATHS = "@executable_path/Frameworks";
				"LD_RUNPATH_SEARCH_PATHS[sdk=macosx*]" = "@executable_path/../Frameworks";
				MACOSX_DEPLOYMENT_TARGET = 14.0;
				MARKETING_VERSION = 1.0;
				PRODUCT_BUNDLE_IDENTIFIER = com.juniperphoton.HistogramSampleApp;
				PRODUCT_NAME = "$(TARGET_NAME)";
				REGISTER_APP_GROUPS = YES;
				SDKROOT = auto;
				SUPPORTED_PLATFORMS = "iphoneos iphonesimulator macosx";
				SUPPORTS_MACCATALYST = NO;
				SWIFT_EMIT_LOC_STRINGS = YES;
				SWIFT_VERSION = 5.0;
				TARGETED_DEVICE_FAMILY = "1,2";
				XROS_DEPLOYMENT_TARGET = 2.5;
			};
			name = Debug;
		};
		225DEFEC2E35265D00535658 /* Release */ = {
			isa = XCBuildConfiguration;
			buildSettings = {
				ASSETCATALOG_COMPILER_APPICON_NAME = AppIcon;
				ASSETCATALOG_COMPILER_GLOBAL_ACCENT_COLOR_NAME = AccentColor;
				CODE_SIGN_ENTITLEMENTS = HistogramSampleApp/HistogramSampleApp.entitlements;
				CODE_SIGN_STYLE = Automatic;
				CURRENT_PROJECT_VERSION = 1;
				DEVELOPMENT_TEAM = 7GB9CHCB87;
				ENABLE_HARDENED_RUNTIME = YES;
				ENABLE_PREVIEWS = YES;
				GENERATE_INFOPLIST_FILE = YES;
				"INFOPLIST_KEY_UIApplicationSceneManifest_Generation[sdk=iphoneos*]" = YES;
				"INFOPLIST_KEY_UIApplicationSceneManifest_Generation[sdk=iphonesimulator*]" = YES;
				"INFOPLIST_KEY_UIApplicationSupportsIndirectInputEvents[sdk=iphoneos*]" = YES;
				"INFOPLIST_KEY_UIApplicationSupportsIndirectInputEvents[sdk=iphonesimulator*]" = YES;
				"INFOPLIST_KEY_UILaunchScreen_Generation[sdk=iphoneos*]" = YES;
				"INFOPLIST_KEY_UILaunchScreen_Generation[sdk=iphonesimulator*]" = YES;
				"INFOPLIST_KEY_UIStatusBarStyle[sdk=iphoneos*]" = UIStatusBarStyleDefault;
				"INFOPLIST_KEY_UIStatusBarStyle[sdk=iphonesimulator*]" = UIStatusBarStyleDefault;
				INFOPLIST_KEY_UISupportedInterfaceOrientations_iPad = "UIInterfaceOrientationPortrait UIInterfaceOrientationPortraitUpsideDown UIInterfaceOrientationLandscapeLeft UIInterfaceOrientationLandscapeRight";
				INFOPLIST_KEY_UISupportedInterfaceOrientations_iPhone = "UIInterfaceOrientationPortrait UIInterfaceOrientationLandscapeLeft UIInterfaceOrientationLandscapeRight";
				IPHONEOS_DEPLOYMENT_TARGET = 17.0;
				LD_RUNPATH_SEARCH_PATHS = "@executable_path/Frameworks";
				"LD_RUNPATH_SEARCH_PATHS[sdk=macosx*]" = "@executable_path/../Frameworks";
				MACOSX_DEPLOYMENT_TARGET = 14.0;
				MARKETING_VERSION = 1.0;
				PRODUCT_BUNDLE_IDENTIFIER = com.juniperphoton.HistogramSampleApp;
				PRODUCT_NAME = "$(TARGET_NAME)";
				REGISTER_APP_GROUPS = YES;
				SDKROOT = auto;
				SUPPORTED_PLATFORMS = "iphoneos iphonesimulator macosx";
				SUPPORTS_MACCATALYST = NO;
				SWIFT_EMIT_LOC_STRINGS = YES;
				SWIFT_VERSION = 5.0;
				TARGETED_DEVICE_FAMILY = "1,2";
				XROS_DEPLOYMENT_TARGET = 2.5;
			};
			name = Release;
		};
		225DEFEE2E35265D00535658 /* Debug */ = {
			isa = XCBuildConfiguration;
			buildSettings = {
				BUNDLE_LOADER = "$(TEST_HOST)";
				CODE_SIGN_STYLE = Automatic;
				CURRENT_PROJECT_VERSION = 1;
				DEVELOPMENT_TEAM = 7GB9CHCB87;
				GENERATE_INFOPLIST_FILE = YES;
				IPHONEOS_DEPLOYMENT_TARGET = 18.5;
				MACOSX_DEPLOYMENT_TARGET = 15.5;
				MARKETING_VERSION = 1.0;
				PRODUCT_BUNDLE_IDENTIFIER = com.juniperphoton.HistogramSampleAppTests;
				PRODUCT_NAME = "$(TARGET_NAME)";
				SDKROOT = auto;
				SUPPORTED_PLATFORMS = "iphoneos iphonesimulator macosx xros xrsimulator";
				SWIFT_EMIT_LOC_STRINGS = NO;
				SWIFT_VERSION = 5.0;
				TARGETED_DEVICE_FAMILY = "1,2,7";
				TEST_HOST = "$(BUILT_PRODUCTS_DIR)/HistogramSampleApp.app/$(BUNDLE_EXECUTABLE_FOLDER_PATH)/HistogramSampleApp";
				XROS_DEPLOYMENT_TARGET = 2.5;
			};
			name = Debug;
		};
		225DEFEF2E35265D00535658 /* Release */ = {
			isa = XCBuildConfiguration;
			buildSettings = {
				BUNDLE_LOADER = "$(TEST_HOST)";
				CODE_SIGN_STYLE = Automatic;
				CURRENT_PROJECT_VERSION = 1;
				DEVELOPMENT_TEAM = 7GB9CHCB87;
				GENERATE_INFOPLIST_FILE = YES;
				IPHONEOS_DEPLOYMENT_TARGET = 18.5;
				MACOSX_DEPLOYMENT_TARGET = 15.5;
				MARKETING_VERSION = 1.0;
				PRODUCT_BUNDLE_IDENTIFIER = com.juniperphoton.HistogramSampleAppTests;
				PRODUCT_NAME = "$(TARGET_NAME)";
				SDKROOT = auto;
				SUPPORTED_PLATFORMS = "iphoneos iphonesimulator macosx xros xrsimulator";
				SWIFT_EMIT_LOC_STRINGS = NO;
				SWIFT_VERSION = 5.0;
				TARGETED_DEVICE_FAMILY = "1,2,7";
				TEST_HOST = "$(BUILT_PRODUCTS_DIR)/HistogramSampleApp.app/$(BUNDLE_EXECUTABLE_FOLDER_PATH)/HistogramSampleApp";
				XROS_DEPLOYMENT_TARGET = 2.5;
			};
			name = Release;
		};
		225DEFF12E35265D00535658 /* Debug */ = {
			isa = XCBuildConfiguration;
			buildSettings = {
				CODE_SIGN_STYLE = Automatic;
				CURRENT_PROJECT_VERSION = 1;
				DEVELOPMENT_TEAM = 7GB9CHCB87;
				GENERATE_INFOPLIST_FILE = YES;
				IPHONEOS_DEPLOYMENT_TARGET = 18.5;
				MACOSX_DEPLOYMENT_TARGET = 15.5;
				MARKETING_VERSION = 1.0;
				PRODUCT_BUNDLE_IDENTIFIER = com.juniperphoton.HistogramSampleAppUITests;
				PRODUCT_NAME = "$(TARGET_NAME)";
				SDKROOT = auto;
				SUPPORTED_PLATFORMS = "iphoneos iphonesimulator macosx xros xrsimulator";
				SWIFT_EMIT_LOC_STRINGS = NO;
				SWIFT_VERSION = 5.0;
				TARGETED_DEVICE_FAMILY = "1,2,7";
				TEST_TARGET_NAME = HistogramSampleApp;
				XROS_DEPLOYMENT_TARGET = 2.5;
			};
			name = Debug;
		};
		225DEFF22E35265D00535658 /* Release */ = {
			isa = XCBuildConfiguration;
			buildSettings = {
				CODE_SIGN_STYLE = Automatic;
				CURRENT_PROJECT_VERSION = 1;
				DEVELOPMENT_TEAM = 7GB9CHCB87;
				GENERATE_INFOPLIST_FILE = YES;
				IPHONEOS_DEPLOYMENT_TARGET = 18.5;
				MACOSX_DEPLOYMENT_TARGET = 15.5;
				MARKETING_VERSION = 1.0;
				PRODUCT_BUNDLE_IDENTIFIER = com.juniperphoton.HistogramSampleAppUITests;
				PRODUCT_NAME = "$(TARGET_NAME)";
				SDKROOT = auto;
				SUPPORTED_PLATFORMS = "iphoneos iphonesimulator macosx xros xrsimulator";
				SWIFT_EMIT_LOC_STRINGS = NO;
				SWIFT_VERSION = 5.0;
				TARGETED_DEVICE_FAMILY = "1,2,7";
				TEST_TARGET_NAME = HistogramSampleApp;
				XROS_DEPLOYMENT_TARGET = 2.5;
			};
			name = Release;
		};
/* End XCBuildConfiguration section */

/* Begin XCConfigurationList section */
		225DEFC32E35265B00535658 /* Build configuration list for PBXProject "HistogramSampleApp" */ = {
			isa = XCConfigurationList;
			buildConfigurations = (
				225DEFE82E35265D00535658 /* Debug */,
				225DEFE92E35265D00535658 /* Release */,
			);
			defaultConfigurationIsVisible = 0;
			defaultConfigurationName = Release;
		};
		225DEFEA2E35265D00535658 /* Build configuration list for PBXNativeTarget "HistogramSampleApp" */ = {
			isa = XCConfigurationList;
			buildConfigurations = (
				225DEFEB2E35265D00535658 /* Debug */,
				225DEFEC2E35265D00535658 /* Release */,
			);
			defaultConfigurationIsVisible = 0;
			defaultConfigurationName = Release;
		};
		225DEFED2E35265D00535658 /* Build configuration list for PBXNativeTarget "HistogramSampleAppTests" */ = {
			isa = XCConfigurationList;
			buildConfigurations = (
				225DEFEE2E35265D00535658 /* Debug */,
				225DEFEF2E35265D00535658 /* Release */,
			);
			defaultConfigurationIsVisible = 0;
			defaultConfigurationName = Release;
		};
		225DEFF02E35265D00535658 /* Build configuration list for PBXNativeTarget "HistogramSampleAppUITests" */ = {
			isa = XCConfigurationList;
			buildConfigurations = (
				225DEFF12E35265D00535658 /* Debug */,
				225DEFF22E35265D00535658 /* Release */,
			);
			defaultConfigurationIsVisible = 0;
			defaultConfigurationName = Release;
		};
/* End XCConfigurationList section */

/* Begin XCLocalSwiftPackageReference section */
		225DEFF32E35266900535658 /* XCLocalSwiftPackageReference "../../PhotonHistogramKit" */ = {
			isa = XCLocalSwiftPackageReference;
			relativePath = ../../PhotonHistogramKit;
		};
/* End XCLocalSwiftPackageReference section */

/* Begin XCRemoteSwiftPackageReference section */
		228D19D12E353412000EF363 /* XCRemoteSwiftPackageReference "swift-async-algorithms" */ = {
			isa = XCRemoteSwiftPackageReference;
			repositoryURL = "https://github.com/apple/swift-async-algorithms.git";
			requirement = {
				kind = upToNextMajorVersion;
				minimumVersion = 1.0.4;
			};
		};
		228D203D2E3543BD000EF363 /* XCRemoteSwiftPackageReference "PhotonMetalDisplayCore" */ = {
			isa = XCRemoteSwiftPackageReference;
			repositoryURL = "https://github.com/JuniperPhoton/PhotonMetalDisplayCore";
			requirement = {
				branch = main;
				kind = branch;
			};
		};
/* End XCRemoteSwiftPackageReference section */

/* Begin XCSwiftPackageProductDependency section */
		225DEFF42E35266900535658 /* PhotonHistogramKit */ = {
			isa = XCSwiftPackageProductDependency;
			productName = PhotonHistogramKit;
		};
		228D19D22E353412000EF363 /* AsyncAlgorithms */ = {
			isa = XCSwiftPackageProductDependency;
			package = 228D19D12E353412000EF363 /* XCRemoteSwiftPackageReference "swift-async-algorithms" */;
			productName = AsyncAlgorithms;
		};
		228D203E2E3543BD000EF363 /* PhotonMetalDisplayCore */ = {
			isa = XCSwiftPackageProductDependency;
			package = 228D203D2E3543BD000EF363 /* XCRemoteSwiftPackageReference "PhotonMetalDisplayCore" */;
			productName = PhotonMetalDisplayCore;
		};
/* End XCSwiftPackageProductDependency section */
	};
	rootObject = 225DEFC02E35265B00535658 /* Project object */;
}
